
Microsoft Visual Studio Solution File, Format Version 12.00
# Visual Studio Version 16
VisualStudioVersion = 16.0.31515.178
MinimumVisualStudioVersion = 10.0.40219.1
Project("{FAE04EC0-301F-11D3-BF4B-00C04F79EFBC}") = "MazeGeneratorCSharp", "MazeGeneratorCSharp.csproj", "{4511D1F0-97BA-4BBA-8439-A5CC77D93AC1}"
EndProject
Global
	GlobalSection(SolutionConfigurationPlatforms) = preSolution
		Debug|Any CPU = Debug|Any CPU
		Release|Any CPU = Release|Any CPU
	EndGlobalSection
	GlobalSection(ProjectConfigurationPlatforms) = postSolution
		{4511D1F0-97BA-4BBA-8439-A5CC77D93AC1}.Debug|Any CPU.ActiveCfg = Debug|Any CPU
		{4511D1F0-97BA-4BBA-8439-A5CC77D93AC1}.Debug|Any CPU.Build.0 = Debug|Any CPU
		{4511D1F0-97BA-4BBA-8439-A5CC77D93AC1}.Release|Any CPU.ActiveCfg = Release|Any CPU
		{4511D1F0-97BA-4BBA-8439-A5CC77D93AC1}.Release|Any CPU.Build.0 = Release|Any CPU
	EndGlobalSection
	GlobalSection(SolutionProperties) = preSolution
		HideSolutionNode = FALSE
	EndGlobalSection
	GlobalSection(ExtensibilityGlobals) = postSolution
		SolutionGuid = {0BC89756-9A84-4925-AAA6-85BD7A0ADCB1}
	EndGlobalSection
EndGlobal
